{
  "lockfileVersion": 1,
  "configVersion": 1,
  "workspaces": {
    "": {
      "dependencies": {
        "@cacheable/node-cache": "^1.7.6",
      },
    },
  },
  "packages": {
    "@cacheable/memory": ["@cacheable/memory@2.0.7", "", { "dependencies": { "@cacheable/utils": "^2.3.3", "@keyv/bigmap": "^1.3.0", "hookified": "^1.14.0", "keyv": "^5.5.5" } }, "sha512-RbxnxAMf89Tp1dLhXMS7ceft/PGsDl1Ip7T20z5nZ+pwIAsQ1p2izPjVG69oCLv/jfQ7HDPHTWK0c9rcAWXN3A=="],

    "@cacheable/node-cache": ["@cacheable/node-cache@1.7.6", "", { "dependencies": { "cacheable": "^2.3.1", "hookified": "^1.14.0", "keyv": "^5.5.5" } }, "sha512-6Omk2SgNnjtxB5f/E6bTIWIt5xhdpx39fGNRQgU9lojvRxU68v+qY+SXXLsp3ZGukqoPjsK21wZ6XABFr/Ge3A=="],

    "@cacheable/utils": ["@cacheable/utils@2.3.3", "", { "dependencies": { "hashery": "^1.3.0", "keyv": "^5.5.5" } }, "sha512-JsXDL70gQ+1Vc2W/KUFfkAJzgb4puKwwKehNLuB+HrNKWf91O736kGfxn4KujXCCSuh6mRRL4XEB0PkAFjWS0A=="],

    "@keyv/bigmap": ["@keyv/bigmap@1.3.0", "", { "dependencies": { "hashery": "^1.2.0", "hookified": "^1.13.0" }, "peerDependencies": { "keyv": "^5.5.4" } }, "sha512-KT01GjzV6AQD5+IYrcpoYLkCu1Jod3nau1Z7EsEuViO3TZGRacSbO9MfHmbJ1WaOXFtWLxPVj169cn2WNKPkIg=="],

    "@keyv/serialize": ["@keyv/serialize@1.1.1", "", {}, "sha512-dXn3FZhPv0US+7dtJsIi2R+c7qWYiReoEh5zUntWCf4oSpMNib8FDhSoed6m3QyZdx5hK7iLFkYk3rNxwt8vTA=="],

    "cacheable": ["cacheable@2.3.1", "", { "dependencies": { "@cacheable/memory": "^2.0.6", "@cacheable/utils": "^2.3.2", "hookified": "^1.14.0", "keyv": "^5.5.5", "qified": "^0.5.3" } }, "sha512-yr+FSHWn1ZUou5LkULX/S+jhfgfnLbuKQjE40tyEd4fxGZVMbBL5ifno0J0OauykS8UiCSgHi+DV/YD+rjFxFg=="],

    "hashery": ["hashery@1.4.0", "", { "dependencies": { "hookified": "^1.14.0" } }, "sha512-Wn2i1In6XFxl8Az55kkgnFRiAlIAushzh26PTjL2AKtQcEfXrcLa7Hn5QOWGZEf3LU057P9TwwZjFyxfS1VuvQ=="],

    "hookified": ["hookified@1.15.0", "", {}, "sha512-51w+ZZGt7Zw5q7rM3nC4t3aLn/xvKDETsXqMczndvwyVQhAHfUmUuFBRFcos8Iyebtk7OAE9dL26wFNzZVVOkw=="],

    "keyv": ["keyv@5.5.5", "", { "dependencies": { "@keyv/serialize": "^1.1.1" } }, "sha512-FA5LmZVF1VziNc0bIdCSA1IoSVnDCqE8HJIZZv2/W8YmoAM50+tnUgJR/gQZwEeIMleuIOnRnHA/UaZRNeV4iQ=="],

    "qified": ["qified@0.5.3", "", { "dependencies": { "hookified": "^1.13.0" } }, "sha512-kXuQdQTB6oN3KhI6V4acnBSZx8D2I4xzZvn9+wFLLFCoBNQY/sFnCW6c43OL7pOQ2HvGV4lnWIXNmgfp7cTWhQ=="],
  }
}
